// !$*UTF8*$!
{
	archiveVersion = 1;
	classes = {
	};
	objectVersion = 51;
	objects = {

/* Begin PBXBuildFile section */
		AC0EF8B562903CD4AA0E2146 /* Pods_Besedka.framework in Frameworks */ = {isa = PBXBuildFile; fileRef = 6F2B5136C45042E69405B79B /* Pods_Besedka.framework */; };
		B50855C9260235150086ACB4 /* FileManagerGCD.swift in Sources */ = {isa = PBXBuildFile; fileRef = B50855C8260235150086ACB4 /* FileManagerGCD.swift */; };
		B51995B725F3A16C00576121 /* Date.swift in Sources */ = {isa = PBXBuildFile; fileRef = B51995B625F3A16C00576121 /* Date.swift */; };
		B51995BA25F3A1C500576121 /* UITableView.swift in Sources */ = {isa = PBXBuildFile; fileRef = B51995B925F3A1C500576121 /* UITableView.swift */; };
		B534FAD525EEA6C900C70403 /* UIViewController.swift in Sources */ = {isa = PBXBuildFile; fileRef = B534FAD425EEA6C800C70403 /* UIViewController.swift */; };
		B5392F6D262C1E5700BAEE20 /* AvatatarCollectionViewController.swift in Sources */ = {isa = PBXBuildFile; fileRef = B5392F6C262C1E5700BAEE20 /* AvatatarCollectionViewController.swift */; };
		B5392F74262C257F00BAEE20 /* AvatarCell.swift in Sources */ = {isa = PBXBuildFile; fileRef = B5392F73262C257F00BAEE20 /* AvatarCell.swift */; };
		B5392F7A262C39B900BAEE20 /* ImageCache.swift in Sources */ = {isa = PBXBuildFile; fileRef = B5392F79262C39B900BAEE20 /* ImageCache.swift */; };
		B5392F7D262C452C00BAEE20 /* Network.swift in Sources */ = {isa = PBXBuildFile; fileRef = B5392F7C262C452C00BAEE20 /* Network.swift */; };
		B5392F82262C522B00BAEE20 /* Avatar.swift in Sources */ = {isa = PBXBuildFile; fileRef = B5392F81262C522B00BAEE20 /* Avatar.swift */; };
		B5392F85262CA84000BAEE20 /* ParseService.swift in Sources */ = {isa = PBXBuildFile; fileRef = B5392F84262CA84000BAEE20 /* ParseService.swift */; };
		B5392F88262CABE200BAEE20 /* NetworkService.swift in Sources */ = {isa = PBXBuildFile; fileRef = B5392F87262CABE100BAEE20 /* NetworkService.swift */; };
		B5392F8B262D76E700BAEE20 /* AvatarView.swift in Sources */ = {isa = PBXBuildFile; fileRef = B5392F8A262D76E700BAEE20 /* AvatarView.swift */; };
		B54266AD25FA36BF009BBF2F /* ThemesViewController.swift in Sources */ = {isa = PBXBuildFile; fileRef = B54266AC25FA36BF009BBF2F /* ThemesViewController.swift */; };
		B54266B125FA375B009BBF2F /* LightTheme.swift in Sources */ = {isa = PBXBuildFile; fileRef = B54266B025FA375B009BBF2F /* LightTheme.swift */; };
		B54266B425FA3765009BBF2F /* DayTheme.swift in Sources */ = {isa = PBXBuildFile; fileRef = B54266B325FA3765009BBF2F /* DayTheme.swift */; };
		B557FE4B25D84D1600BF0F06 /* AppDelegate.swift in Sources */ = {isa = PBXBuildFile; fileRef = B557FE4A25D84D1600BF0F06 /* AppDelegate.swift */; };
		B557FE5425D84D1800BF0F06 /* Assets.xcassets in Resources */ = {isa = PBXBuildFile; fileRef = B557FE5325D84D1800BF0F06 /* Assets.xcassets */; };
		B557FE5725D84D1800BF0F06 /* LaunchScreen.storyboard in Resources */ = {isa = PBXBuildFile; fileRef = B557FE5525D84D1800BF0F06 /* LaunchScreen.storyboard */; };
		B55E052725F4DA7500B59502 /* ThemeButton.swift in Sources */ = {isa = PBXBuildFile; fileRef = B55E052625F4DA7500B59502 /* ThemeButton.swift */; };
		B5623D7B25F9237E00BFD3D4 /* Theme.swift in Sources */ = {isa = PBXBuildFile; fileRef = B5623D7A25F9237E00BFD3D4 /* Theme.swift */; };
		B5623D7E25F9255900BFD3D4 /* DarkTheme.swift in Sources */ = {isa = PBXBuildFile; fileRef = B5623D7D25F9255900BFD3D4 /* DarkTheme.swift */; };
		B5623D8125FA049500BFD3D4 /* SecondaryLabel.swift in Sources */ = {isa = PBXBuildFile; fileRef = B5623D8025FA049500BFD3D4 /* SecondaryLabel.swift */; };
		B5B267562639675200DA09DE /* AnimationService.swift in Sources */ = {isa = PBXBuildFile; fileRef = B5B267552639675200DA09DE /* AnimationService.swift */; };
		B5B26760263A846000DA09DE /* ConversationsListViewTransitionDelegate.swift in Sources */ = {isa = PBXBuildFile; fileRef = B5B2675F263A846000DA09DE /* ConversationsListViewTransitionDelegate.swift */; };
		B5B26763263A90D800DA09DE /* CircleTransitionAnimator.swift in Sources */ = {isa = PBXBuildFile; fileRef = B5B26762263A90D800DA09DE /* CircleTransitionAnimator.swift */; };
		B5B26766263AC70000DA09DE /* EmblemView.swift in Sources */ = {isa = PBXBuildFile; fileRef = B5B26765263AC6FD00DA09DE /* EmblemView.swift */; };
		B5B767332607A618007CF846 /* Channel.swift in Sources */ = {isa = PBXBuildFile; fileRef = B5B767322607A618007CF846 /* Channel.swift */; };
		B5BD371025EBA938007AF803 /* ConversationsListViewController.swift in Sources */ = {isa = PBXBuildFile; fileRef = B5BD370F25EBA938007AF803 /* ConversationsListViewController.swift */; };
		B5BD371425EBB639007AF803 /* ChannelCell.swift in Sources */ = {isa = PBXBuildFile; fileRef = B5BD371325EBB639007AF803 /* ChannelCell.swift */; };
		B5CA6E9625FA7BCE009939AE /* UITableViewCell.swift in Sources */ = {isa = PBXBuildFile; fileRef = B5CA6E9525FA7BCE009939AE /* UITableViewCell.swift */; };
		B5CA6E9C25FA7DF9009939AE /* With.swift in Sources */ = {isa = PBXBuildFile; fileRef = B5CA6E9B25FA7DF9009939AE /* With.swift */; };
		B5CA6EA325FA8D35009939AE /* UIWindow.swift in Sources */ = {isa = PBXBuildFile; fileRef = B5CA6EA225FA8D35009939AE /* UIWindow.swift */; };
		B5CA6EA625FC9CFA009939AE /* UIView.swift in Sources */ = {isa = PBXBuildFile; fileRef = B5CA6EA525FC9CFA009939AE /* UIView.swift */; };
		B5D14CDD26245327005BE9C4 /* GoogleService-Info.plist in Resources */ = {isa = PBXBuildFile; fileRef = B5D14CDC26245327005BE9C4 /* GoogleService-Info.plist */; };
		B5D14CE126245B6C005BE9C4 /* ServiceAssembly.swift in Sources */ = {isa = PBXBuildFile; fileRef = B5D14CE026245B6C005BE9C4 /* ServiceAssembly.swift */; };
		B5D14CF8262471EE005BE9C4 /* Parser.swift in Sources */ = {isa = PBXBuildFile; fileRef = B5D14CF7262471EE005BE9C4 /* Parser.swift */; };
		B5D14D002624AA09005BE9C4 /* Storage.swift in Sources */ = {isa = PBXBuildFile; fileRef = B5D14CFF2624AA08005BE9C4 /* Storage.swift */; };
		B5D14D032624B81D005BE9C4 /* CoreAssembly.swift in Sources */ = {isa = PBXBuildFile; fileRef = B5D14D022624B81D005BE9C4 /* CoreAssembly.swift */; };
		B5D14D072624BB96005BE9C4 /* ProfileView.swift in Sources */ = {isa = PBXBuildFile; fileRef = B5D14D062624BB96005BE9C4 /* ProfileView.swift */; };
		B5D14D0A2624BDEB005BE9C4 /* ProfileViewController.swift in Sources */ = {isa = PBXBuildFile; fileRef = B5D14D092624BDEB005BE9C4 /* ProfileViewController.swift */; };
		B5D14D102624CEC9005BE9C4 /* ConversationViewController.swift in Sources */ = {isa = PBXBuildFile; fileRef = B5D14D0F2624CEC9005BE9C4 /* ConversationViewController.swift */; };
		B5D14D152624CED6005BE9C4 /* MessageCell.swift in Sources */ = {isa = PBXBuildFile; fileRef = B5D14D132624CED6005BE9C4 /* MessageCell.swift */; };
		B5D14D162624CED6005BE9C4 /* CustomInputView.swift in Sources */ = {isa = PBXBuildFile; fileRef = B5D14D142624CED6005BE9C4 /* CustomInputView.swift */; };
		B5D14D1C2624CEE7005BE9C4 /* MessageDB+CoreDataClass.swift in Sources */ = {isa = PBXBuildFile; fileRef = B5D14D192624CEE7005BE9C4 /* MessageDB+CoreDataClass.swift */; };
		B5D14D1D2624CEE7005BE9C4 /* MessageDB+CoreDataProperties.swift in Sources */ = {isa = PBXBuildFile; fileRef = B5D14D1A2624CEE7005BE9C4 /* MessageDB+CoreDataProperties.swift */; };
		B5D14D1E2624CEE7005BE9C4 /* Message.swift in Sources */ = {isa = PBXBuildFile; fileRef = B5D14D1B2624CEE7005BE9C4 /* Message.swift */; };
		B5D14D2426256AE6005BE9C4 /* CoreDataService.swift in Sources */ = {isa = PBXBuildFile; fileRef = B5D14D2326256AE6005BE9C4 /* CoreDataService.swift */; };
		B5DC348426089DC1004A1B86 /* FirebaseService.swift in Sources */ = {isa = PBXBuildFile; fileRef = B5DC348326089DC1004A1B86 /* FirebaseService.swift */; };
		B5DC3496260A4F41004A1B86 /* ProfileVC.swift in Sources */ = {isa = PBXBuildFile; fileRef = B5DC3495260A4F41004A1B86 /* ProfileVC.swift */; };
		B5E92D1D25FF86000094DCCC /* UserProfile.swift in Sources */ = {isa = PBXBuildFile; fileRef = B5E92D1C25FF86000094DCCC /* UserProfile.swift */; };
		B5F0070A261479FF0090D31F /* Chat.xcdatamodeld in Sources */ = {isa = PBXBuildFile; fileRef = B5F00708261479FF0090D31F /* Chat.xcdatamodeld */; };
		B5F0073526147F0D0090D31F /* CoreDataStack.swift in Sources */ = {isa = PBXBuildFile; fileRef = B5F0073426147F0D0090D31F /* CoreDataStack.swift */; };
		B5F0073E2614A2230090D31F /* ChannelDB+CoreDataClass.swift in Sources */ = {isa = PBXBuildFile; fileRef = B5F0073A2614A2230090D31F /* ChannelDB+CoreDataClass.swift */; };
		B5F0073F2614A2230090D31F /* ChannelDB+CoreDataProperties.swift in Sources */ = {isa = PBXBuildFile; fileRef = B5F0073B2614A2230090D31F /* ChannelDB+CoreDataProperties.swift */; };
/* End PBXBuildFile section */

/* Begin PBXFileReference section */
		160978B7534E240220D09EC8 /* Pods-Besedka.release.xcconfig */ = {isa = PBXFileReference; includeInIndex = 1; lastKnownFileType = text.xcconfig; name = "Pods-Besedka.release.xcconfig"; path = "Target Support Files/Pods-Besedka/Pods-Besedka.release.xcconfig"; sourceTree = "<group>"; };
		5C43CAAD5D0C8E5105B2F26C /* Pods-Besedka.debug.xcconfig */ = {isa = PBXFileReference; includeInIndex = 1; lastKnownFileType = text.xcconfig; name = "Pods-Besedka.debug.xcconfig"; path = "Target Support Files/Pods-Besedka/Pods-Besedka.debug.xcconfig"; sourceTree = "<group>"; };
		6F2B5136C45042E69405B79B /* Pods_Besedka.framework */ = {isa = PBXFileReference; explicitFileType = wrapper.framework; includeInIndex = 0; path = Pods_Besedka.framework; sourceTree = BUILT_PRODUCTS_DIR; };
		B50855C8260235150086ACB4 /* FileManagerGCD.swift */ = {isa = PBXFileReference; lastKnownFileType = sourcecode.swift; path = FileManagerGCD.swift; sourceTree = "<group>"; };
		B51995B625F3A16C00576121 /* Date.swift */ = {isa = PBXFileReference; lastKnownFileType = sourcecode.swift; path = Date.swift; sourceTree = "<group>"; };
		B51995B925F3A1C500576121 /* UITableView.swift */ = {isa = PBXFileReference; lastKnownFileType = sourcecode.swift; path = UITableView.swift; sourceTree = "<group>"; };
		B534FAD425EEA6C800C70403 /* UIViewController.swift */ = {isa = PBXFileReference; lastKnownFileType = sourcecode.swift; path = UIViewController.swift; sourceTree = "<group>"; };
		B5392F6C262C1E5700BAEE20 /* AvatatarCollectionViewController.swift */ = {isa = PBXFileReference; lastKnownFileType = sourcecode.swift; path = AvatatarCollectionViewController.swift; sourceTree = "<group>"; };
		B5392F73262C257F00BAEE20 /* AvatarCell.swift */ = {isa = PBXFileReference; lastKnownFileType = sourcecode.swift; path = AvatarCell.swift; sourceTree = "<group>"; };
		B5392F79262C39B900BAEE20 /* ImageCache.swift */ = {isa = PBXFileReference; lastKnownFileType = sourcecode.swift; path = ImageCache.swift; sourceTree = "<group>"; };
		B5392F7C262C452C00BAEE20 /* Network.swift */ = {isa = PBXFileReference; lastKnownFileType = sourcecode.swift; path = Network.swift; sourceTree = "<group>"; };
		B5392F81262C522B00BAEE20 /* Avatar.swift */ = {isa = PBXFileReference; lastKnownFileType = sourcecode.swift; path = Avatar.swift; sourceTree = "<group>"; };
		B5392F84262CA84000BAEE20 /* ParseService.swift */ = {isa = PBXFileReference; lastKnownFileType = sourcecode.swift; path = ParseService.swift; sourceTree = "<group>"; };
		B5392F87262CABE100BAEE20 /* NetworkService.swift */ = {isa = PBXFileReference; lastKnownFileType = sourcecode.swift; path = NetworkService.swift; sourceTree = "<group>"; };
		B5392F8A262D76E700BAEE20 /* AvatarView.swift */ = {isa = PBXFileReference; lastKnownFileType = sourcecode.swift; path = AvatarView.swift; sourceTree = "<group>"; };
		B54266AC25FA36BF009BBF2F /* ThemesViewController.swift */ = {isa = PBXFileReference; lastKnownFileType = sourcecode.swift; path = ThemesViewController.swift; sourceTree = "<group>"; };
		B54266B025FA375B009BBF2F /* LightTheme.swift */ = {isa = PBXFileReference; lastKnownFileType = sourcecode.swift; path = LightTheme.swift; sourceTree = "<group>"; };
		B54266B325FA3765009BBF2F /* DayTheme.swift */ = {isa = PBXFileReference; lastKnownFileType = sourcecode.swift; path = DayTheme.swift; sourceTree = "<group>"; };
		B557FE4725D84D1600BF0F06 /* Besedka.app */ = {isa = PBXFileReference; explicitFileType = wrapper.application; includeInIndex = 0; path = Besedka.app; sourceTree = BUILT_PRODUCTS_DIR; };
		B557FE4A25D84D1600BF0F06 /* AppDelegate.swift */ = {isa = PBXFileReference; lastKnownFileType = sourcecode.swift; path = AppDelegate.swift; sourceTree = "<group>"; };
		B557FE5325D84D1800BF0F06 /* Assets.xcassets */ = {isa = PBXFileReference; lastKnownFileType = folder.assetcatalog; path = Assets.xcassets; sourceTree = "<group>"; };
		B557FE5625D84D1800BF0F06 /* Base */ = {isa = PBXFileReference; lastKnownFileType = file.storyboard; name = Base; path = Base.lproj/LaunchScreen.storyboard; sourceTree = "<group>"; };
		B557FE5825D84D1800BF0F06 /* Info.plist */ = {isa = PBXFileReference; lastKnownFileType = text.plist.xml; path = Info.plist; sourceTree = "<group>"; };
		B55E052625F4DA7500B59502 /* ThemeButton.swift */ = {isa = PBXFileReference; lastKnownFileType = sourcecode.swift; path = ThemeButton.swift; sourceTree = "<group>"; };
		B5623D7A25F9237E00BFD3D4 /* Theme.swift */ = {isa = PBXFileReference; lastKnownFileType = sourcecode.swift; path = Theme.swift; sourceTree = "<group>"; };
		B5623D7D25F9255900BFD3D4 /* DarkTheme.swift */ = {isa = PBXFileReference; lastKnownFileType = sourcecode.swift; path = DarkTheme.swift; sourceTree = "<group>"; };
		B5623D8025FA049500BFD3D4 /* SecondaryLabel.swift */ = {isa = PBXFileReference; lastKnownFileType = sourcecode.swift; path = SecondaryLabel.swift; sourceTree = "<group>"; };
		B5B267552639675200DA09DE /* AnimationService.swift */ = {isa = PBXFileReference; lastKnownFileType = sourcecode.swift; path = AnimationService.swift; sourceTree = "<group>"; };
		B5B2675F263A846000DA09DE /* ConversationsListViewTransitionDelegate.swift */ = {isa = PBXFileReference; lastKnownFileType = sourcecode.swift; path = ConversationsListViewTransitionDelegate.swift; sourceTree = "<group>"; };
		B5B26762263A90D800DA09DE /* CircleTransitionAnimator.swift */ = {isa = PBXFileReference; lastKnownFileType = sourcecode.swift; path = CircleTransitionAnimator.swift; sourceTree = "<group>"; };
		B5B26765263AC6FD00DA09DE /* EmblemView.swift */ = {isa = PBXFileReference; lastKnownFileType = sourcecode.swift; path = EmblemView.swift; sourceTree = "<group>"; };
		B5B767322607A618007CF846 /* Channel.swift */ = {isa = PBXFileReference; lastKnownFileType = sourcecode.swift; path = Channel.swift; sourceTree = "<group>"; };
		B5BD370F25EBA938007AF803 /* ConversationsListViewController.swift */ = {isa = PBXFileReference; lastKnownFileType = sourcecode.swift; path = ConversationsListViewController.swift; sourceTree = "<group>"; };
		B5BD371325EBB639007AF803 /* ChannelCell.swift */ = {isa = PBXFileReference; lastKnownFileType = sourcecode.swift; path = ChannelCell.swift; sourceTree = "<group>"; };
		B5CA6E9525FA7BCE009939AE /* UITableViewCell.swift */ = {isa = PBXFileReference; lastKnownFileType = sourcecode.swift; path = UITableViewCell.swift; sourceTree = "<group>"; };
		B5CA6E9B25FA7DF9009939AE /* With.swift */ = {isa = PBXFileReference; lastKnownFileType = sourcecode.swift; path = With.swift; sourceTree = "<group>"; };
		B5CA6EA225FA8D35009939AE /* UIWindow.swift */ = {isa = PBXFileReference; lastKnownFileType = sourcecode.swift; path = UIWindow.swift; sourceTree = "<group>"; };
		B5CA6EA525FC9CFA009939AE /* UIView.swift */ = {isa = PBXFileReference; lastKnownFileType = sourcecode.swift; path = UIView.swift; sourceTree = "<group>"; };
		B5D14CDC26245327005BE9C4 /* GoogleService-Info.plist */ = {isa = PBXFileReference; fileEncoding = 4; lastKnownFileType = text.plist.xml; path = "GoogleService-Info.plist"; sourceTree = "<group>"; };
		B5D14CE026245B6C005BE9C4 /* ServiceAssembly.swift */ = {isa = PBXFileReference; lastKnownFileType = sourcecode.swift; path = ServiceAssembly.swift; sourceTree = "<group>"; };
		B5D14CF7262471EE005BE9C4 /* Parser.swift */ = {isa = PBXFileReference; lastKnownFileType = sourcecode.swift; path = Parser.swift; sourceTree = "<group>"; };
		B5D14CFF2624AA08005BE9C4 /* Storage.swift */ = {isa = PBXFileReference; lastKnownFileType = sourcecode.swift; path = Storage.swift; sourceTree = "<group>"; };
		B5D14D022624B81D005BE9C4 /* CoreAssembly.swift */ = {isa = PBXFileReference; lastKnownFileType = sourcecode.swift; path = CoreAssembly.swift; sourceTree = "<group>"; };
		B5D14D062624BB96005BE9C4 /* ProfileView.swift */ = {isa = PBXFileReference; lastKnownFileType = sourcecode.swift; path = ProfileView.swift; sourceTree = "<group>"; };
		B5D14D092624BDEB005BE9C4 /* ProfileViewController.swift */ = {isa = PBXFileReference; lastKnownFileType = sourcecode.swift; path = ProfileViewController.swift; sourceTree = "<group>"; };
		B5D14D0F2624CEC9005BE9C4 /* ConversationViewController.swift */ = {isa = PBXFileReference; fileEncoding = 4; lastKnownFileType = sourcecode.swift; name = ConversationViewController.swift; path = "Besedka/Presentation Layer/ConversationView/Controller/ConversationViewController.swift"; sourceTree = SOURCE_ROOT; };
		B5D14D132624CED6005BE9C4 /* MessageCell.swift */ = {isa = PBXFileReference; fileEncoding = 4; lastKnownFileType = sourcecode.swift; name = MessageCell.swift; path = "Besedka/Presentation Layer/ConversationView/View/MessageCell.swift"; sourceTree = SOURCE_ROOT; };
		B5D14D142624CED6005BE9C4 /* CustomInputView.swift */ = {isa = PBXFileReference; fileEncoding = 4; lastKnownFileType = sourcecode.swift; name = CustomInputView.swift; path = "Besedka/Presentation Layer/ConversationView/View/CustomInputView.swift"; sourceTree = SOURCE_ROOT; };
		B5D14D192624CEE7005BE9C4 /* MessageDB+CoreDataClass.swift */ = {isa = PBXFileReference; fileEncoding = 4; lastKnownFileType = sourcecode.swift; name = "MessageDB+CoreDataClass.swift"; path = "Besedka/Presentation Layer/ConversationView/Model/MessageDB+CoreDataClass.swift"; sourceTree = SOURCE_ROOT; };
		B5D14D1A2624CEE7005BE9C4 /* MessageDB+CoreDataProperties.swift */ = {isa = PBXFileReference; fileEncoding = 4; lastKnownFileType = sourcecode.swift; name = "MessageDB+CoreDataProperties.swift"; path = "Besedka/Presentation Layer/ConversationView/Model/MessageDB+CoreDataProperties.swift"; sourceTree = SOURCE_ROOT; };
		B5D14D1B2624CEE7005BE9C4 /* Message.swift */ = {isa = PBXFileReference; fileEncoding = 4; lastKnownFileType = sourcecode.swift; name = Message.swift; path = "Besedka/Presentation Layer/ConversationView/Model/Message.swift"; sourceTree = SOURCE_ROOT; };
		B5D14D2326256AE6005BE9C4 /* CoreDataService.swift */ = {isa = PBXFileReference; lastKnownFileType = sourcecode.swift; path = CoreDataService.swift; sourceTree = "<group>"; };
		B5DC348326089DC1004A1B86 /* FirebaseService.swift */ = {isa = PBXFileReference; lastKnownFileType = sourcecode.swift; path = FirebaseService.swift; sourceTree = "<group>"; };
		B5DC3495260A4F41004A1B86 /* ProfileVC.swift */ = {isa = PBXFileReference; lastKnownFileType = sourcecode.swift; path = ProfileVC.swift; sourceTree = "<group>"; };
		B5E92D1C25FF86000094DCCC /* UserProfile.swift */ = {isa = PBXFileReference; lastKnownFileType = sourcecode.swift; path = UserProfile.swift; sourceTree = "<group>"; };
		B5F00709261479FF0090D31F /* Chat.xcdatamodel */ = {isa = PBXFileReference; lastKnownFileType = wrapper.xcdatamodel; path = Chat.xcdatamodel; sourceTree = "<group>"; };
		B5F0073426147F0D0090D31F /* CoreDataStack.swift */ = {isa = PBXFileReference; lastKnownFileType = sourcecode.swift; path = CoreDataStack.swift; sourceTree = "<group>"; };
		B5F0073A2614A2230090D31F /* ChannelDB+CoreDataClass.swift */ = {isa = PBXFileReference; lastKnownFileType = sourcecode.swift; path = "ChannelDB+CoreDataClass.swift"; sourceTree = "<group>"; };
		B5F0073B2614A2230090D31F /* ChannelDB+CoreDataProperties.swift */ = {isa = PBXFileReference; lastKnownFileType = sourcecode.swift; path = "ChannelDB+CoreDataProperties.swift"; sourceTree = "<group>"; };
/* End PBXFileReference section */

/* Begin PBXFrameworksBuildPhase section */
		B557FE4425D84D1600BF0F06 /* Frameworks */ = {
			isa = PBXFrameworksBuildPhase;
			buildActionMask = 2147483647;
			files = (
				AC0EF8B562903CD4AA0E2146 /* Pods_Besedka.framework in Frameworks */,
			);
			runOnlyForDeploymentPostprocessing = 0;
		};
/* End PBXFrameworksBuildPhase section */

/* Begin PBXGroup section */
		B51995B425F3A12F00576121 /* Extensions */ = {
			isa = PBXGroup;
			children = (
				B5DC3495260A4F41004A1B86 /* ProfileVC.swift */,
				B534FAD425EEA6C800C70403 /* UIViewController.swift */,
				B5CA6EA525FC9CFA009939AE /* UIView.swift */,
				B51995B625F3A16C00576121 /* Date.swift */,
				B51995B925F3A1C500576121 /* UITableView.swift */,
				B5CA6E9525FA7BCE009939AE /* UITableViewCell.swift */,
				B5CA6E9B25FA7DF9009939AE /* With.swift */,
				B5CA6EA225FA8D35009939AE /* UIWindow.swift */,
			);
			path = Extensions;
			sourceTree = "<group>";
		};
		B51995BD25F3A21100576121 /* Styles */ = {
			isa = PBXGroup;
			children = (
				B5623D7A25F9237E00BFD3D4 /* Theme.swift */,
				B5CA6EA025FA81A3009939AE /* Themes */,
			);
			path = Styles;
			sourceTree = "<group>";
		};
		B534FACB25EE3A4D00C70403 /* ConversationList */ = {
			isa = PBXGroup;
			children = (
				B534FACD25EE3A6900C70403 /* Model */,
				B5D14CEA262463F9005BE9C4 /* View */,
				B5D14CE8262463EB005BE9C4 /* Controller */,
			);
			path = ConversationList;
			sourceTree = "<group>";
		};
		B534FACD25EE3A6900C70403 /* Model */ = {
			isa = PBXGroup;
			children = (
				B5F007412614A22D0090D31F /* Core Data */,
				B5B767322607A618007CF846 /* Channel.swift */,
			);
			path = Model;
			sourceTree = "<group>";
		};
		B534FAD225EE3BC400C70403 /* ConversationView */ = {
			isa = PBXGroup;
			children = (
				B5D14CEC2624645D005BE9C4 /* Model */,
				B5D14CEF262464C0005BE9C4 /* View */,
				B5D14CEE262464B5005BE9C4 /* Controller */,
			);
			name = ConversationView;
			sourceTree = "<group>";
		};
		B5392F67262C1D8400BAEE20 /* AvatarCollection */ = {
			isa = PBXGroup;
			children = (
				B5392F70262C253E00BAEE20 /* View */,
				B5392F6F262C253400BAEE20 /* Model */,
				B5392F71262C254500BAEE20 /* Controller */,
			);
			path = AvatarCollection;
			sourceTree = "<group>";
		};
		B5392F6F262C253400BAEE20 /* Model */ = {
			isa = PBXGroup;
			children = (
				B5392F81262C522B00BAEE20 /* Avatar.swift */,
			);
			path = Model;
			sourceTree = "<group>";
		};
		B5392F70262C253E00BAEE20 /* View */ = {
			isa = PBXGroup;
			children = (
				B5392F73262C257F00BAEE20 /* AvatarCell.swift */,
				B5392F8A262D76E700BAEE20 /* AvatarView.swift */,
			);
			path = View;
			sourceTree = "<group>";
		};
		B5392F71262C254500BAEE20 /* Controller */ = {
			isa = PBXGroup;
			children = (
				B5392F6C262C1E5700BAEE20 /* AvatatarCollectionViewController.swift */,
			);
			path = Controller;
			sourceTree = "<group>";
		};
		B557FE3E25D84D1600BF0F06 = {
			isa = PBXGroup;
			children = (
				B557FE4925D84D1600BF0F06 /* Besedka */,
				B557FE4825D84D1600BF0F06 /* Products */,
				FC28D7A054040A15108C9C15 /* Pods */,
				DE5FF6129337D993485E5D7C /* Frameworks */,
			);
			sourceTree = "<group>";
		};
		B557FE4825D84D1600BF0F06 /* Products */ = {
			isa = PBXGroup;
			children = (
				B557FE4725D84D1600BF0F06 /* Besedka.app */,
			);
			name = Products;
			sourceTree = "<group>";
		};
		B557FE4925D84D1600BF0F06 /* Besedka */ = {
			isa = PBXGroup;
			children = (
				B557FE5825D84D1800BF0F06 /* Info.plist */,
				B5D14CBF26245014005BE9C4 /* Presentation Layer */,
				B5D14CC02624502E005BE9C4 /* Service Layer */,
				B5D14CC12624503D005BE9C4 /* Core Layer */,
				B5D14CC226245065005BE9C4 /* Application Layer */,
				B51995B425F3A12F00576121 /* Extensions */,
			);
			path = Besedka;
			sourceTree = "<group>";
		};
		B5831CA125FA35B000121519 /* View */ = {
			isa = PBXGroup;
			children = (
				B557FE5325D84D1800BF0F06 /* Assets.xcassets */,
				B557FE5525D84D1800BF0F06 /* LaunchScreen.storyboard */,
				B5623D8025FA049500BFD3D4 /* SecondaryLabel.swift */,
				B5B26765263AC6FD00DA09DE /* EmblemView.swift */,
			);
			path = View;
			sourceTree = "<group>";
		};
		B5831CA325FA35E000121519 /* ThemeViewController */ = {
			isa = PBXGroup;
			children = (
				B5D14CF52624652A005BE9C4 /* View */,
				B5D14CF2262464FA005BE9C4 /* Controller */,
			);
			path = ThemeViewController;
			sourceTree = "<group>";
		};
		B59A65FC25DFE40F009CB134 /* ProfileViewController */ = {
			isa = PBXGroup;
			children = (
				B5D14CE526246357005BE9C4 /* Model */,
				B5D14CE626246361005BE9C4 /* View */,
				B5D14CE326246347005BE9C4 /* Controller */,
			);
			path = ProfileViewController;
			sourceTree = "<group>";
		};
		B5CA6EA025FA81A3009939AE /* Themes */ = {
			isa = PBXGroup;
			children = (
				B5623D7D25F9255900BFD3D4 /* DarkTheme.swift */,
				B54266B025FA375B009BBF2F /* LightTheme.swift */,
				B54266B325FA3765009BBF2F /* DayTheme.swift */,
			);
			path = Themes;
			sourceTree = "<group>";
		};
		B5D14CBF26245014005BE9C4 /* Presentation Layer */ = {
			isa = PBXGroup;
			children = (
				B5392F67262C1D8400BAEE20 /* AvatarCollection */,
				B534FACB25EE3A4D00C70403 /* ConversationList */,
				B534FAD225EE3BC400C70403 /* ConversationView */,
				B59A65FC25DFE40F009CB134 /* ProfileViewController */,
				B5831CA325FA35E000121519 /* ThemeViewController */,
			);
			path = "Presentation Layer";
			sourceTree = "<group>";
		};
		B5D14CC02624502E005BE9C4 /* Service Layer */ = {
			isa = PBXGroup;
			children = (
				B5D14CE026245B6C005BE9C4 /* ServiceAssembly.swift */,
				B5B267552639675200DA09DE /* AnimationService.swift */,
				B5B26762263A90D800DA09DE /* CircleTransitionAnimator.swift */,
				B5DC348326089DC1004A1B86 /* FirebaseService.swift */,
				B50855C8260235150086ACB4 /* FileManagerGCD.swift */,
				B5D14D2326256AE6005BE9C4 /* CoreDataService.swift */,
				B5392F84262CA84000BAEE20 /* ParseService.swift */,
				B5392F87262CABE100BAEE20 /* NetworkService.swift */,
			);
			path = "Service Layer";
			sourceTree = "<group>";
		};
		B5D14CC12624503D005BE9C4 /* Core Layer */ = {
			isa = PBXGroup;
			children = (
				B5F0073426147F0D0090D31F /* CoreDataStack.swift */,
				B5392F7C262C452C00BAEE20 /* Network.swift */,
				B5D14D022624B81D005BE9C4 /* CoreAssembly.swift */,
				B5D14CF7262471EE005BE9C4 /* Parser.swift */,
				B5D14CFF2624AA08005BE9C4 /* Storage.swift */,
				B5392F79262C39B900BAEE20 /* ImageCache.swift */,
			);
			path = "Core Layer";
			sourceTree = "<group>";
		};
		B5D14CC226245065005BE9C4 /* Application Layer */ = {
			isa = PBXGroup;
			children = (
				B5D14CDC26245327005BE9C4 /* GoogleService-Info.plist */,
				B5EAC50B25F114D5002E3BDB /* Model */,
				B5831CA125FA35B000121519 /* View */,
				B5D14D2726257794005BE9C4 /* Controller */,
			);
			path = "Application Layer";
			sourceTree = "<group>";
		};
		B5D14CE326246347005BE9C4 /* Controller */ = {
			isa = PBXGroup;
			children = (
				B5D14D092624BDEB005BE9C4 /* ProfileViewController.swift */,
			);
			path = Controller;
			sourceTree = "<group>";
		};
		B5D14CE526246357005BE9C4 /* Model */ = {
			isa = PBXGroup;
			children = (
				B5E92D1C25FF86000094DCCC /* UserProfile.swift */,
			);
			path = Model;
			sourceTree = "<group>";
		};
		B5D14CE626246361005BE9C4 /* View */ = {
			isa = PBXGroup;
			children = (
				B5D14D062624BB96005BE9C4 /* ProfileView.swift */,
			);
			path = View;
			sourceTree = "<group>";
		};
		B5D14CE8262463EB005BE9C4 /* Controller */ = {
			isa = PBXGroup;
			children = (
				B5BD370F25EBA938007AF803 /* ConversationsListViewController.swift */,
				B5B2675F263A846000DA09DE /* ConversationsListViewTransitionDelegate.swift */,
			);
			path = Controller;
			sourceTree = "<group>";
		};
		B5D14CEA262463F9005BE9C4 /* View */ = {
			isa = PBXGroup;
			children = (
				B5BD371325EBB639007AF803 /* ChannelCell.swift */,
			);
			path = View;
			sourceTree = "<group>";
		};
		B5D14CEC2624645D005BE9C4 /* Model */ = {
			isa = PBXGroup;
			children = (
				B5D14D1B2624CEE7005BE9C4 /* Message.swift */,
				B5D14D192624CEE7005BE9C4 /* MessageDB+CoreDataClass.swift */,
				B5D14D1A2624CEE7005BE9C4 /* MessageDB+CoreDataProperties.swift */,
			);
			path = Model;
			sourceTree = "<group>";
		};
		B5D14CEE262464B5005BE9C4 /* Controller */ = {
			isa = PBXGroup;
			children = (
				B5D14D0F2624CEC9005BE9C4 /* ConversationViewController.swift */,
			);
			path = Controller;
			sourceTree = "<group>";
		};
		B5D14CEF262464C0005BE9C4 /* View */ = {
			isa = PBXGroup;
			children = (
				B5D14D142624CED6005BE9C4 /* CustomInputView.swift */,
				B5D14D132624CED6005BE9C4 /* MessageCell.swift */,
			);
			path = View;
			sourceTree = "<group>";
		};
		B5D14CF2262464FA005BE9C4 /* Controller */ = {
			isa = PBXGroup;
			children = (
				B54266AC25FA36BF009BBF2F /* ThemesViewController.swift */,
			);
			path = Controller;
			sourceTree = "<group>";
		};
		B5D14CF52624652A005BE9C4 /* View */ = {
			isa = PBXGroup;
			children = (
				B55E052625F4DA7500B59502 /* ThemeButton.swift */,
			);
			path = View;
			sourceTree = "<group>";
		};
		B5D14D2726257794005BE9C4 /* Controller */ = {
			isa = PBXGroup;
			children = (
				B557FE4A25D84D1600BF0F06 /* AppDelegate.swift */,
			);
			path = Controller;
			sourceTree = "<group>";
		};
		B5EAC50B25F114D5002E3BDB /* Model */ = {
			isa = PBXGroup;
			children = (
				B51995BD25F3A21100576121 /* Styles */,
				B5F00708261479FF0090D31F /* Chat.xcdatamodeld */,
			);
			path = Model;
			sourceTree = "<group>";
		};
		B5F007412614A22D0090D31F /* Core Data */ = {
			isa = PBXGroup;
			children = (
				B5F0073A2614A2230090D31F /* ChannelDB+CoreDataClass.swift */,
				B5F0073B2614A2230090D31F /* ChannelDB+CoreDataProperties.swift */,
			);
			path = "Core Data";
			sourceTree = "<group>";
		};
		DE5FF6129337D993485E5D7C /* Frameworks */ = {
			isa = PBXGroup;
			children = (
				6F2B5136C45042E69405B79B /* Pods_Besedka.framework */,
			);
			name = Frameworks;
			sourceTree = "<group>";
		};
		FC28D7A054040A15108C9C15 /* Pods */ = {
			isa = PBXGroup;
			children = (
				5C43CAAD5D0C8E5105B2F26C /* Pods-Besedka.debug.xcconfig */,
				160978B7534E240220D09EC8 /* Pods-Besedka.release.xcconfig */,
			);
			path = Pods;
			sourceTree = "<group>";
		};
/* End PBXGroup section */

/* Begin PBXNativeTarget section */
		B557FE4625D84D1600BF0F06 /* Besedka */ = {
			isa = PBXNativeTarget;
			buildConfigurationList = B557FE5B25D84D1800BF0F06 /* Build configuration list for PBXNativeTarget "Besedka" */;
			buildPhases = (
				B5DC347F26089580004A1B86 /* Run Script */,
				6E083E4C4F9EBC1BB45A6F4D /* [CP] Check Pods Manifest.lock */,
				B557FE4325D84D1600BF0F06 /* Sources */,
				B557FE4425D84D1600BF0F06 /* Frameworks */,
				B557FE4525D84D1600BF0F06 /* Resources */,
				88915CB4AA80C1D4FA139072 /* [CP] Embed Pods Frameworks */,
			);
			buildRules = (
			);
			dependencies = (
			);
			name = Besedka;
			productName = Besedka;
			productReference = B557FE4725D84D1600BF0F06 /* Besedka.app */;
			productType = "com.apple.product-type.application";
		};
/* End PBXNativeTarget section */

/* Begin PBXProject section */
		B557FE3F25D84D1600BF0F06 /* Project object */ = {
			isa = PBXProject;
			attributes = {
				LastSwiftUpdateCheck = 1240;
				LastUpgradeCheck = 1240;
				TargetAttributes = {
					B557FE4625D84D1600BF0F06 = {
						CreatedOnToolsVersion = 12.4;
					};
				};
			};
			buildConfigurationList = B557FE4225D84D1600BF0F06 /* Build configuration list for PBXProject "Besedka" */;
			compatibilityVersion = "Xcode 9.3";
			developmentRegion = en;
			hasScannedForEncodings = 0;
			knownRegions = (
				en,
				Base,
			);
			mainGroup = B557FE3E25D84D1600BF0F06;
			productRefGroup = B557FE4825D84D1600BF0F06 /* Products */;
			projectDirPath = "";
			projectRoot = "";
			targets = (
				B557FE4625D84D1600BF0F06 /* Besedka */,
			);
		};
/* End PBXProject section */

/* Begin PBXResourcesBuildPhase section */
		B557FE4525D84D1600BF0F06 /* Resources */ = {
			isa = PBXResourcesBuildPhase;
			buildActionMask = 2147483647;
			files = (
				B557FE5725D84D1800BF0F06 /* LaunchScreen.storyboard in Resources */,
				B5D14CDD26245327005BE9C4 /* GoogleService-Info.plist in Resources */,
				B557FE5425D84D1800BF0F06 /* Assets.xcassets in Resources */,
			);
			runOnlyForDeploymentPostprocessing = 0;
		};
/* End PBXResourcesBuildPhase section */

/* Begin PBXShellScriptBuildPhase section */
		6E083E4C4F9EBC1BB45A6F4D /* [CP] Check Pods Manifest.lock */ = {
			isa = PBXShellScriptBuildPhase;
			buildActionMask = 2147483647;
			files = (
			);
			inputFileListPaths = (
			);
			inputPaths = (
				"${PODS_PODFILE_DIR_PATH}/Podfile.lock",
				"${PODS_ROOT}/Manifest.lock",
			);
			name = "[CP] Check Pods Manifest.lock";
			outputFileListPaths = (
			);
			outputPaths = (
				"$(DERIVED_FILE_DIR)/Pods-Besedka-checkManifestLockResult.txt",
			);
			runOnlyForDeploymentPostprocessing = 0;
			shellPath = /bin/sh;
			shellScript = "diff \"${PODS_PODFILE_DIR_PATH}/Podfile.lock\" \"${PODS_ROOT}/Manifest.lock\" > /dev/null\nif [ $? != 0 ] ; then\n    # print error to STDERR\n    echo \"error: The sandbox is not in sync with the Podfile.lock. Run 'pod install' or update your CocoaPods installation.\" >&2\n    exit 1\nfi\n# This output is used by Xcode 'outputs' to avoid re-running this script phase.\necho \"SUCCESS\" > \"${SCRIPT_OUTPUT_FILE_0}\"\n";
			showEnvVarsInLog = 0;
		};
		88915CB4AA80C1D4FA139072 /* [CP] Embed Pods Frameworks */ = {
			isa = PBXShellScriptBuildPhase;
			buildActionMask = 2147483647;
			files = (
			);
			inputFileListPaths = (
				"${PODS_ROOT}/Target Support Files/Pods-Besedka/Pods-Besedka-frameworks-${CONFIGURATION}-input-files.xcfilelist",
			);
			name = "[CP] Embed Pods Frameworks";
			outputFileListPaths = (
				"${PODS_ROOT}/Target Support Files/Pods-Besedka/Pods-Besedka-frameworks-${CONFIGURATION}-output-files.xcfilelist",
			);
			runOnlyForDeploymentPostprocessing = 0;
			shellPath = /bin/sh;
			shellScript = "\"${PODS_ROOT}/Target Support Files/Pods-Besedka/Pods-Besedka-frameworks.sh\"\n";
			showEnvVarsInLog = 0;
		};
		B5DC347F26089580004A1B86 /* Run Script */ = {
			isa = PBXShellScriptBuildPhase;
			buildActionMask = 2147483647;
			files = (
			);
			inputFileListPaths = (
			);
			inputPaths = (
			);
			name = "Run Script";
			outputFileListPaths = (
			);
			outputPaths = (
			);
			runOnlyForDeploymentPostprocessing = 0;
			shellPath = /bin/sh;
			shellScript = "${PODS_ROOT}/SwiftLint/swiftlint\n";
		};
/* End PBXShellScriptBuildPhase section */

/* Begin PBXSourcesBuildPhase section */
		B557FE4325D84D1600BF0F06 /* Sources */ = {
			isa = PBXSourcesBuildPhase;
			buildActionMask = 2147483647;
			files = (
				B5CA6EA325FA8D35009939AE /* UIWindow.swift in Sources */,
				B5D14D2426256AE6005BE9C4 /* CoreDataService.swift in Sources */,
				B534FAD525EEA6C900C70403 /* UIViewController.swift in Sources */,
				B5D14D032624B81D005BE9C4 /* CoreAssembly.swift in Sources */,
				B5CA6EA625FC9CFA009939AE /* UIView.swift in Sources */,
				B5392F7D262C452C00BAEE20 /* Network.swift in Sources */,
				B5B767332607A618007CF846 /* Channel.swift in Sources */,
				B5B26763263A90D800DA09DE /* CircleTransitionAnimator.swift in Sources */,
				B51995B725F3A16C00576121 /* Date.swift in Sources */,
				B5D14D002624AA09005BE9C4 /* Storage.swift in Sources */,
				B5B26760263A846000DA09DE /* ConversationsListViewTransitionDelegate.swift in Sources */,
				B5F0073526147F0D0090D31F /* CoreDataStack.swift in Sources */,
				B5392F88262CABE200BAEE20 /* NetworkService.swift in Sources */,
				B54266B425FA3765009BBF2F /* DayTheme.swift in Sources */,
				B5CA6E9C25FA7DF9009939AE /* With.swift in Sources */,
				B5CA6E9625FA7BCE009939AE /* UITableViewCell.swift in Sources */,
				B54266B125FA375B009BBF2F /* LightTheme.swift in Sources */,
				B5D14D0A2624BDEB005BE9C4 /* ProfileViewController.swift in Sources */,
				B5D14D1C2624CEE7005BE9C4 /* MessageDB+CoreDataClass.swift in Sources */,
				B5D14D072624BB96005BE9C4 /* ProfileView.swift in Sources */,
				B5B267562639675200DA09DE /* AnimationService.swift in Sources */,
				B5392F74262C257F00BAEE20 /* AvatarCell.swift in Sources */,
				B5D14D152624CED6005BE9C4 /* MessageCell.swift in Sources */,
				B5E92D1D25FF86000094DCCC /* UserProfile.swift in Sources */,
				B5F0070A261479FF0090D31F /* Chat.xcdatamodeld in Sources */,
				B5D14D1E2624CEE7005BE9C4 /* Message.swift in Sources */,
				B5DC3496260A4F41004A1B86 /* ProfileVC.swift in Sources */,
				B5392F7A262C39B900BAEE20 /* ImageCache.swift in Sources */,
				B51995BA25F3A1C500576121 /* UITableView.swift in Sources */,
				B5F0073F2614A2230090D31F /* ChannelDB+CoreDataProperties.swift in Sources */,
				B5D14D1D2624CEE7005BE9C4 /* MessageDB+CoreDataProperties.swift in Sources */,
				B5BD371025EBA938007AF803 /* ConversationsListViewController.swift in Sources */,
				B5B26766263AC70000DA09DE /* EmblemView.swift in Sources */,
				B55E052725F4DA7500B59502 /* ThemeButton.swift in Sources */,
				B5392F8B262D76E700BAEE20 /* AvatarView.swift in Sources */,
				B5DC348426089DC1004A1B86 /* FirebaseService.swift in Sources */,
				B5392F85262CA84000BAEE20 /* ParseService.swift in Sources */,
				B5392F82262C522B00BAEE20 /* Avatar.swift in Sources */,
				B5BD371425EBB639007AF803 /* ChannelCell.swift in Sources */,
				B5392F6D262C1E5700BAEE20 /* AvatatarCollectionViewController.swift in Sources */,
				B54266AD25FA36BF009BBF2F /* ThemesViewController.swift in Sources */,
				B5D14D102624CEC9005BE9C4 /* ConversationViewController.swift in Sources */,
				B557FE4B25D84D1600BF0F06 /* AppDelegate.swift in Sources */,
				B5F0073E2614A2230090D31F /* ChannelDB+CoreDataClass.swift in Sources */,
				B5623D7B25F9237E00BFD3D4 /* Theme.swift in Sources */,
				B50855C9260235150086ACB4 /* FileManagerGCD.swift in Sources */,
				B5D14CE126245B6C005BE9C4 /* ServiceAssembly.swift in Sources */,
				B5623D8125FA049500BFD3D4 /* SecondaryLabel.swift in Sources */,
				B5D14CF8262471EE005BE9C4 /* Parser.swift in Sources */,
				B5D14D162624CED6005BE9C4 /* CustomInputView.swift in Sources */,
				B5623D7E25F9255900BFD3D4 /* DarkTheme.swift in Sources */,
			);
			runOnlyForDeploymentPostprocessing = 0;
		};
/* End PBXSourcesBuildPhase section */

/* Begin PBXVariantGroup section */
		B557FE5525D84D1800BF0F06 /* LaunchScreen.storyboard */ = {
			isa = PBXVariantGroup;
			children = (
				B557FE5625D84D1800BF0F06 /* Base */,
			);
			name = LaunchScreen.storyboard;
			sourceTree = "<group>";
		};
/* End PBXVariantGroup section */

/* Begin XCBuildConfiguration section */
		B557FE5925D84D1800BF0F06 /* Debug */ = {
			isa = XCBuildConfiguration;
			buildSettings = {
				ALWAYS_SEARCH_USER_PATHS = NO;
				CLANG_ANALYZER_NONNULL = YES;
				CLANG_ANALYZER_NUMBER_OBJECT_CONVERSION = YES_AGGRESSIVE;
				CLANG_CXX_LANGUAGE_STANDARD = "gnu++14";
				CLANG_CXX_LIBRARY = "libc++";
				CLANG_ENABLE_MODULES = YES;
				CLANG_ENABLE_OBJC_ARC = YES;
				CLANG_ENABLE_OBJC_WEAK = YES;
				CLANG_WARN_BLOCK_CAPTURE_AUTORELEASING = YES;
				CLANG_WARN_BOOL_CONVERSION = YES;
				CLANG_WARN_COMMA = YES;
				CLANG_WARN_CONSTANT_CONVERSION = YES;
				CLANG_WARN_DEPRECATED_OBJC_IMPLEMENTATIONS = YES;
				CLANG_WARN_DIRECT_OBJC_ISA_USAGE = YES_ERROR;
				CLANG_WARN_DOCUMENTATION_COMMENTS = YES;
				CLANG_WARN_EMPTY_BODY = YES;
				CLANG_WARN_ENUM_CONVERSION = YES;
				CLANG_WARN_INFINITE_RECURSION = YES;
				CLANG_WARN_INT_CONVERSION = YES;
				CLANG_WARN_NON_LITERAL_NULL_CONVERSION = YES;
				CLANG_WARN_OBJC_IMPLICIT_RETAIN_SELF = YES;
				CLANG_WARN_OBJC_LITERAL_CONVERSION = YES;
				CLANG_WARN_OBJC_ROOT_CLASS = YES_ERROR;
				CLANG_WARN_QUOTED_INCLUDE_IN_FRAMEWORK_HEADER = YES;
				CLANG_WARN_RANGE_LOOP_ANALYSIS = YES;
				CLANG_WARN_STRICT_PROTOTYPES = YES;
				CLANG_WARN_SUSPICIOUS_MOVE = YES;
				CLANG_WARN_UNGUARDED_AVAILABILITY = YES_AGGRESSIVE;
				CLANG_WARN_UNREACHABLE_CODE = YES;
				CLANG_WARN__DUPLICATE_METHOD_MATCH = YES;
				COPY_PHASE_STRIP = NO;
				DEBUG_INFORMATION_FORMAT = dwarf;
				ENABLE_STRICT_OBJC_MSGSEND = YES;
				ENABLE_TESTABILITY = YES;
				GCC_C_LANGUAGE_STANDARD = gnu11;
				GCC_DYNAMIC_NO_PIC = NO;
				GCC_NO_COMMON_BLOCKS = YES;
				GCC_OPTIMIZATION_LEVEL = 0;
				GCC_PREPROCESSOR_DEFINITIONS = (
					"DEBUG=1",
					"$(inherited)",
				);
				GCC_WARN_64_TO_32_BIT_CONVERSION = YES;
				GCC_WARN_ABOUT_RETURN_TYPE = YES_ERROR;
				GCC_WARN_UNDECLARED_SELECTOR = YES;
				GCC_WARN_UNINITIALIZED_AUTOS = YES_AGGRESSIVE;
				GCC_WARN_UNUSED_FUNCTION = YES;
				GCC_WARN_UNUSED_VARIABLE = YES;
				IPHONEOS_DEPLOYMENT_TARGET = 14.4;
				MTL_ENABLE_DEBUG_INFO = INCLUDE_SOURCE;
				MTL_FAST_MATH = YES;
				ONLY_ACTIVE_ARCH = YES;
				SDKROOT = iphoneos;
				SWIFT_ACTIVE_COMPILATION_CONDITIONS = DEBUG;
				SWIFT_OPTIMIZATION_LEVEL = "-Onone";
			};
			name = Debug;
		};
		B557FE5A25D84D1800BF0F06 /* Release */ = {
			isa = XCBuildConfiguration;
			buildSettings = {
				ALWAYS_SEARCH_USER_PATHS = NO;
				CLANG_ANALYZER_NONNULL = YES;
				CLANG_ANALYZER_NUMBER_OBJECT_CONVERSION = YES_AGGRESSIVE;
				CLANG_CXX_LANGUAGE_STANDARD = "gnu++14";
				CLANG_CXX_LIBRARY = "libc++";
				CLANG_ENABLE_MODULES = YES;
				CLANG_ENABLE_OBJC_ARC = YES;
				CLANG_ENABLE_OBJC_WEAK = YES;
				CLANG_WARN_BLOCK_CAPTURE_AUTORELEASING = YES;
				CLANG_WARN_BOOL_CONVERSION = YES;
				CLANG_WARN_COMMA = YES;
				CLANG_WARN_CONSTANT_CONVERSION = YES;
				CLANG_WARN_DEPRECATED_OBJC_IMPLEMENTATIONS = YES;
				CLANG_WARN_DIRECT_OBJC_ISA_USAGE = YES_ERROR;
				CLANG_WARN_DOCUMENTATION_COMMENTS = YES;
				CLANG_WARN_EMPTY_BODY = YES;
				CLANG_WARN_ENUM_CONVERSION = YES;
				CLANG_WARN_INFINITE_RECURSION = YES;
				CLANG_WARN_INT_CONVERSION = YES;
				CLANG_WARN_NON_LITERAL_NULL_CONVERSION = YES;
				CLANG_WARN_OBJC_IMPLICIT_RETAIN_SELF = YES;
				CLANG_WARN_OBJC_LITERAL_CONVERSION = YES;
				CLANG_WARN_OBJC_ROOT_CLASS = YES_ERROR;
				CLANG_WARN_QUOTED_INCLUDE_IN_FRAMEWORK_HEADER = YES;
				CLANG_WARN_RANGE_LOOP_ANALYSIS = YES;
				CLANG_WARN_STRICT_PROTOTYPES = YES;
				CLANG_WARN_SUSPICIOUS_MOVE = YES;
				CLANG_WARN_UNGUARDED_AVAILABILITY = YES_AGGRESSIVE;
				CLANG_WARN_UNREACHABLE_CODE = YES;
				CLANG_WARN__DUPLICATE_METHOD_MATCH = YES;
				COPY_PHASE_STRIP = NO;
				DEBUG_INFORMATION_FORMAT = "dwarf-with-dsym";
				ENABLE_NS_ASSERTIONS = NO;
				ENABLE_STRICT_OBJC_MSGSEND = YES;
				GCC_C_LANGUAGE_STANDARD = gnu11;
				GCC_NO_COMMON_BLOCKS = YES;
				GCC_WARN_64_TO_32_BIT_CONVERSION = YES;
				GCC_WARN_ABOUT_RETURN_TYPE = YES_ERROR;
				GCC_WARN_UNDECLARED_SELECTOR = YES;
				GCC_WARN_UNINITIALIZED_AUTOS = YES_AGGRESSIVE;
				GCC_WARN_UNUSED_FUNCTION = YES;
				GCC_WARN_UNUSED_VARIABLE = YES;
				IPHONEOS_DEPLOYMENT_TARGET = 14.4;
				MTL_ENABLE_DEBUG_INFO = NO;
				MTL_FAST_MATH = YES;
				SDKROOT = iphoneos;
				SWIFT_COMPILATION_MODE = wholemodule;
				SWIFT_OPTIMIZATION_LEVEL = "-O";
				VALIDATE_PRODUCT = YES;
			};
			name = Release;
		};
		B557FE5C25D84D1800BF0F06 /* Debug */ = {
			isa = XCBuildConfiguration;
			baseConfigurationReference = 5C43CAAD5D0C8E5105B2F26C /* Pods-Besedka.debug.xcconfig */;
			buildSettings = {
				ASSETCATALOG_COMPILER_APPICON_NAME = AppIcon;
				ASSETCATALOG_COMPILER_GLOBAL_ACCENT_COLOR_NAME = AccentColor;
				CODE_SIGN_STYLE = Automatic;
				DEVELOPMENT_TEAM = 4DQD7HY3MS;
				INFOPLIST_FILE = Besedka/Info.plist;
				IPHONEOS_DEPLOYMENT_TARGET = 12.1;
				LD_RUNPATH_SEARCH_PATHS = (
					"$(inherited)",
					"@executable_path/Frameworks",
				);
				PRODUCT_BUNDLE_IDENTIFIER = mustdev.Besedka;
				PRODUCT_NAME = "$(TARGET_NAME)";
				SWIFT_VERSION = 5.0;
				TARGETED_DEVICE_FAMILY = 1;
			};
			name = Debug;
		};
		B557FE5D25D84D1800BF0F06 /* Release */ = {
			isa = XCBuildConfiguration;
			baseConfigurationReference = 160978B7534E240220D09EC8 /* Pods-Besedka.release.xcconfig */;
			buildSettings = {
				ASSETCATALOG_COMPILER_APPICON_NAME = AppIcon;
				ASSETCATALOG_COMPILER_GLOBAL_ACCENT_COLOR_NAME = AccentColor;
				CODE_SIGN_STYLE = Automatic;
				DEVELOPMENT_TEAM = 4DQD7HY3MS;
				INFOPLIST_FILE = Besedka/Info.plist;
				IPHONEOS_DEPLOYMENT_TARGET = 12.1;
				LD_RUNPATH_SEARCH_PATHS = (
					"$(inherited)",
					"@executable_path/Frameworks",
				);
				PRODUCT_BUNDLE_IDENTIFIER = mustdev.Besedka;
				PRODUCT_NAME = "$(TARGET_NAME)";
				SWIFT_VERSION = 5.0;
				TARGETED_DEVICE_FAMILY = 1;
			};
			name = Release;
		};
/* End XCBuildConfiguration section */

/* Begin XCConfigurationList section */
		B557FE4225D84D1600BF0F06 /* Build configuration list for PBXProject "Besedka" */ = {
			isa = XCConfigurationList;
			buildConfigurations = (
				B557FE5925D84D1800BF0F06 /* Debug */,
				B557FE5A25D84D1800BF0F06 /* Release */,
			);
			defaultConfigurationIsVisible = 0;
			defaultConfigurationName = Release;
		};
		B557FE5B25D84D1800BF0F06 /* Build configuration list for PBXNativeTarget "Besedka" */ = {
			isa = XCConfigurationList;
			buildConfigurations = (
				B557FE5C25D84D1800BF0F06 /* Debug */,
				B557FE5D25D84D1800BF0F06 /* Release */,
			);
			defaultConfigurationIsVisible = 0;
			defaultConfigurationName = Release;
		};
/* End XCConfigurationList section */

/* Begin XCVersionGroup section */
		B5F00708261479FF0090D31F /* Chat.xcdatamodeld */ = {
			isa = XCVersionGroup;
			children = (
				B5F00709261479FF0090D31F /* Chat.xcdatamodel */,
			);
			currentVersion = B5F00709261479FF0090D31F /* Chat.xcdatamodel */;
			path = Chat.xcdatamodeld;
			sourceTree = "<group>";
			versionGroupType = wrapper.xcdatamodel;
		};
/* End XCVersionGroup section */
	};
	rootObject = B557FE3F25D84D1600BF0F06 /* Project object */;
}
